{
  "nodes": {
    "bashHeader": {
      "inputs": {
        "flake-utils": "flake-utils_2",
        "nixpkgs": [
          "myPkgs",
          "nixpkgs"
        ]
      },
      "locked": {
        "lastModified": 1673941465,
        "narHash": "sha256-MZIpkvYMlsCMZDZeDeVYAxfIAbcqpJ8DNcubhPYMWHE=",
        "owner": "sixears",
        "repo": "bash-header",
        "rev": "5206b087fb4792c7389f8547c856d4b91d39d509",
        "type": "github"
      },
      "original": {
        "owner": "sixears",
        "ref": "5206b087",
        "repo": "bash-header",
        "type": "github"
      }
    },
    "flake-utils": {
      "locked": {
        "lastModified": 1659877975,
        "narHash": "sha256-zllb8aq3YO3h8B/U0/J1WBgAL8EX5yWf5pMj3G0NAmc=",
        "owner": "numtide",
        "repo": "flake-utils",
        "rev": "c0e246b9b83f637f4681389ecabcb2681b4f3af0",
        "type": "github"
      },
      "original": {
        "owner": "numtide",
        "ref": "c0e246b9",
        "repo": "flake-utils",
        "type": "github"
      }
    },
    "flake-utils_2": {
      "locked": {
        "lastModified": 1659877975,
        "narHash": "sha256-zllb8aq3YO3h8B/U0/J1WBgAL8EX5yWf5pMj3G0NAmc=",
        "owner": "numtide",
        "repo": "flake-utils",
        "rev": "c0e246b9b83f637f4681389ecabcb2681b4f3af0",
        "type": "github"
      },
      "original": {
        "owner": "numtide",
        "ref": "c0e246b9",
        "repo": "flake-utils",
        "type": "github"
      }
    },
    "flake-utils_3": {
      "locked": {
        "lastModified": 1659877975,
        "narHash": "sha256-zllb8aq3YO3h8B/U0/J1WBgAL8EX5yWf5pMj3G0NAmc=",
        "owner": "numtide",
        "repo": "flake-utils",
        "rev": "c0e246b9b83f637f4681389ecabcb2681b4f3af0",
        "type": "github"
      },
      "original": {
        "owner": "numtide",
        "ref": "c0e246b9",
        "repo": "flake-utils",
        "type": "github"
      }
    },
    "myPkgs": {
      "inputs": {
        "bashHeader": "bashHeader",
        "flake-utils": "flake-utils_3",
        "nixpkgs": [
          "nixpkgs"
        ]
      },
      "locked": {
        "lastModified": 1706690996,
        "narHash": "sha256-JzcJ42D/9vwy+XfL6KHIGRbw+2OQwy5WwSs4Rh6LqtA=",
        "owner": "sixears",
        "repo": "nix-pkgs",
        "rev": "6432609a6ba44ff005565be6b03c7e7d3724931c",
        "type": "github"
      },
      "original": {
        "owner": "sixears",
        "ref": "r0.0.4.0",
        "repo": "nix-pkgs",
        "type": "github"
      }
    },
    "nixpkgs": {
      "locked": {
        "lastModified": 1702454860,
        "narHash": "sha256-ccmMWrhUPA0YHm+lLQqGEkNruE+5qDC5422gAkATG5U=",
        "owner": "NixOS",
        "repo": "nixpkgs",
        "rev": "354184a83e7360c7c5a6fd76d9f6d28508ac3461",
        "type": "github"
      },
      "original": {
        "owner": "NixOS",
        "ref": "354184a",
        "repo": "nixpkgs",
        "type": "github"
      }
    },
    "root": {
      "inputs": {
        "flake-utils": "flake-utils",
        "myPkgs": "myPkgs",
        "nixpkgs": "nixpkgs"
      }
    }
  },
  "root": "root",
  "version": 7
}
