{
  "nodes": {
    "bashHeader": {
      "inputs": {
        "flake-utils": "flake-utils_3",
        "nixpkgs": [
          "gui-pkgs",
          "myPkgs",
          "nixpkgs"
        ]
      },
      "locked": {
        "lastModified": 1673941465,
        "narHash": "sha256-MZIpkvYMlsCMZDZeDeVYAxfIAbcqpJ8DNcubhPYMWHE=",
        "owner": "sixears",
        "repo": "bash-header",
        "rev": "5206b087fb4792c7389f8547c856d4b91d39d509",
        "type": "github"
      },
      "original": {
        "owner": "sixears",
        "ref": "5206b087",
        "repo": "bash-header",
        "type": "github"
      }
    },
    "bashHeader_2": {
      "inputs": {
        "flake-utils": "flake-utils_5",
        "nixpkgs": [
          "myPkgs",
          "nixpkgs"
        ]
      },
      "locked": {
        "lastModified": 1673941465,
        "narHash": "sha256-MZIpkvYMlsCMZDZeDeVYAxfIAbcqpJ8DNcubhPYMWHE=",
        "owner": "sixears",
        "repo": "bash-header",
        "rev": "5206b087fb4792c7389f8547c856d4b91d39d509",
        "type": "github"
      },
      "original": {
        "owner": "sixears",
        "ref": "5206b087",
        "repo": "bash-header",
        "type": "github"
      }
    },
    "flake-utils": {
      "locked": {
        "lastModified": 1659877975,
        "narHash": "sha256-zllb8aq3YO3h8B/U0/J1WBgAL8EX5yWf5pMj3G0NAmc=",
        "owner": "numtide",
        "repo": "flake-utils",
        "rev": "c0e246b9b83f637f4681389ecabcb2681b4f3af0",
        "type": "github"
      },
      "original": {
        "owner": "numtide",
        "ref": "c0e246b9",
        "repo": "flake-utils",
        "type": "github"
      }
    },
    "flake-utils_2": {
      "locked": {
        "lastModified": 1659877975,
        "narHash": "sha256-zllb8aq3YO3h8B/U0/J1WBgAL8EX5yWf5pMj3G0NAmc=",
        "owner": "numtide",
        "repo": "flake-utils",
        "rev": "c0e246b9b83f637f4681389ecabcb2681b4f3af0",
        "type": "github"
      },
      "original": {
        "owner": "numtide",
        "ref": "c0e246b9",
        "repo": "flake-utils",
        "type": "github"
      }
    },
    "flake-utils_3": {
      "locked": {
        "lastModified": 1659877975,
        "narHash": "sha256-zllb8aq3YO3h8B/U0/J1WBgAL8EX5yWf5pMj3G0NAmc=",
        "owner": "numtide",
        "repo": "flake-utils",
        "rev": "c0e246b9b83f637f4681389ecabcb2681b4f3af0",
        "type": "github"
      },
      "original": {
        "owner": "numtide",
        "ref": "c0e246b9",
        "repo": "flake-utils",
        "type": "github"
      }
    },
    "flake-utils_4": {
      "locked": {
        "lastModified": 1659877975,
        "narHash": "sha256-zllb8aq3YO3h8B/U0/J1WBgAL8EX5yWf5pMj3G0NAmc=",
        "owner": "numtide",
        "repo": "flake-utils",
        "rev": "c0e246b9b83f637f4681389ecabcb2681b4f3af0",
        "type": "github"
      },
      "original": {
        "owner": "numtide",
        "ref": "c0e246b9",
        "repo": "flake-utils",
        "type": "github"
      }
    },
    "flake-utils_5": {
      "locked": {
        "lastModified": 1659877975,
        "narHash": "sha256-zllb8aq3YO3h8B/U0/J1WBgAL8EX5yWf5pMj3G0NAmc=",
        "owner": "numtide",
        "repo": "flake-utils",
        "rev": "c0e246b9b83f637f4681389ecabcb2681b4f3af0",
        "type": "github"
      },
      "original": {
        "owner": "numtide",
        "ref": "c0e246b9",
        "repo": "flake-utils",
        "type": "github"
      }
    },
    "flake-utils_6": {
      "locked": {
        "lastModified": 1659877975,
        "narHash": "sha256-zllb8aq3YO3h8B/U0/J1WBgAL8EX5yWf5pMj3G0NAmc=",
        "owner": "numtide",
        "repo": "flake-utils",
        "rev": "c0e246b9b83f637f4681389ecabcb2681b4f3af0",
        "type": "github"
      },
      "original": {
        "owner": "numtide",
        "ref": "c0e246b9",
        "repo": "flake-utils",
        "type": "github"
      }
    },
    "gui-pkgs": {
      "inputs": {
        "flake-utils": "flake-utils_2",
        "myPkgs": "myPkgs",
        "nixpkgs": "nixpkgs"
      },
      "locked": {
        "lastModified": 1708253023,
        "narHash": "sha256-GdCjC4WMP5wgVl4oMu/2kXGIHylIDgOLB7y9HSG833w=",
        "path": "/home/martyn/nix/gui",
        "type": "path"
      },
      "original": {
        "path": "/home/martyn/nix/gui",
        "type": "path"
      }
    },
    "myPkgs": {
      "inputs": {
        "bashHeader": "bashHeader",
        "flake-utils": "flake-utils_4",
        "nixpkgs": [
          "gui-pkgs",
          "nixpkgs"
        ]
      },
      "locked": {
        "lastModified": 1708246370,
        "narHash": "sha256-gvE2r70K/QCsFX7CSScLsEOH9Mg/QQSlPNEwPioebhE=",
        "owner": "sixears",
        "repo": "nix-pkgs",
        "rev": "b4a556136c36da0c6ddd432539eabe735bfc4a6c",
        "type": "github"
      },
      "original": {
        "owner": "sixears",
        "ref": "r0.0.10.2",
        "repo": "nix-pkgs",
        "type": "github"
      }
    },
    "myPkgs_2": {
      "inputs": {
        "bashHeader": "bashHeader_2",
        "flake-utils": "flake-utils_6",
        "nixpkgs": [
          "nixpkgs"
        ]
      },
      "locked": {
        "lastModified": 1708246370,
        "narHash": "sha256-gvE2r70K/QCsFX7CSScLsEOH9Mg/QQSlPNEwPioebhE=",
        "owner": "sixears",
        "repo": "nix-pkgs",
        "rev": "b4a556136c36da0c6ddd432539eabe735bfc4a6c",
        "type": "github"
      },
      "original": {
        "owner": "sixears",
        "ref": "r0.0.10.2",
        "repo": "nix-pkgs",
        "type": "github"
      }
    },
    "nixpkgs": {
      "locked": {
        "lastModified": 1702454860,
        "narHash": "sha256-ccmMWrhUPA0YHm+lLQqGEkNruE+5qDC5422gAkATG5U=",
        "owner": "NixOS",
        "repo": "nixpkgs",
        "rev": "354184a83e7360c7c5a6fd76d9f6d28508ac3461",
        "type": "github"
      },
      "original": {
        "owner": "NixOS",
        "ref": "354184a",
        "repo": "nixpkgs",
        "type": "github"
      }
    },
    "nixpkgs_2": {
      "locked": {
        "lastModified": 1702454860,
        "narHash": "sha256-ccmMWrhUPA0YHm+lLQqGEkNruE+5qDC5422gAkATG5U=",
        "owner": "NixOS",
        "repo": "nixpkgs",
        "rev": "354184a83e7360c7c5a6fd76d9f6d28508ac3461",
        "type": "github"
      },
      "original": {
        "owner": "NixOS",
        "ref": "354184a83",
        "repo": "nixpkgs",
        "type": "github"
      }
    },
    "root": {
      "inputs": {
        "flake-utils": "flake-utils",
        "gui-pkgs": "gui-pkgs",
        "myPkgs": "myPkgs_2",
        "nixpkgs": "nixpkgs_2"
      }
    }
  },
  "root": "root",
  "version": 7
}
