{
  "nodes": {
    "bashHeader": {
      "inputs": {
        "flake-utils": "flake-utils_3",
        "nixpkgs": [
          "gui-pkgs",
          "myPkgs",
          "nixpkgs"
        ]
      },
      "locked": {
        "lastModified": 1673941465,
        "narHash": "sha256-MZIpkvYMlsCMZDZeDeVYAxfIAbcqpJ8DNcubhPYMWHE=",
        "owner": "sixears",
        "repo": "bash-header",
        "rev": "5206b087fb4792c7389f8547c856d4b91d39d509",
        "type": "github"
      },
      "original": {
        "owner": "sixears",
        "ref": "5206b087",
        "repo": "bash-header",
        "type": "github"
      }
    },
    "bashHeader_2": {
      "inputs": {
        "flake-utils": "flake-utils_5",
        "nixpkgs": [
          "myPkgs",
          "nixpkgs"
        ]
      },
      "locked": {
        "lastModified": 1673941465,
        "narHash": "sha256-MZIpkvYMlsCMZDZeDeVYAxfIAbcqpJ8DNcubhPYMWHE=",
        "owner": "sixears",
        "repo": "bash-header",
        "rev": "5206b087fb4792c7389f8547c856d4b91d39d509",
        "type": "github"
      },
      "original": {
        "owner": "sixears",
        "ref": "5206b087",
        "repo": "bash-header",
        "type": "github"
      }
    },
    "flake-utils": {
      "locked": {
        "lastModified": 1659877975,
        "narHash": "sha256-zllb8aq3YO3h8B/U0/J1WBgAL8EX5yWf5pMj3G0NAmc=",
        "owner": "numtide",
        "repo": "flake-utils",
        "rev": "c0e246b9b83f637f4681389ecabcb2681b4f3af0",
        "type": "github"
      },
      "original": {
        "owner": "numtide",
        "ref": "c0e246b9",
        "repo": "flake-utils",
        "type": "github"
      }
    },
    "flake-utils_2": {
      "locked": {
        "lastModified": 1659877975,
        "narHash": "sha256-zllb8aq3YO3h8B/U0/J1WBgAL8EX5yWf5pMj3G0NAmc=",
        "owner": "numtide",
        "repo": "flake-utils",
        "rev": "c0e246b9b83f637f4681389ecabcb2681b4f3af0",
        "type": "github"
      },
      "original": {
        "owner": "numtide",
        "ref": "c0e246b9",
        "repo": "flake-utils",
        "type": "github"
      }
    },
    "flake-utils_3": {
      "locked": {
        "lastModified": 1659877975,
        "narHash": "sha256-zllb8aq3YO3h8B/U0/J1WBgAL8EX5yWf5pMj3G0NAmc=",
        "owner": "numtide",
        "repo": "flake-utils",
        "rev": "c0e246b9b83f637f4681389ecabcb2681b4f3af0",
        "type": "github"
      },
      "original": {
        "owner": "numtide",
        "ref": "c0e246b9",
        "repo": "flake-utils",
        "type": "github"
      }
    },
    "flake-utils_4": {
      "locked": {
        "lastModified": 1659877975,
        "narHash": "sha256-zllb8aq3YO3h8B/U0/J1WBgAL8EX5yWf5pMj3G0NAmc=",
        "owner": "numtide",
        "repo": "flake-utils",
        "rev": "c0e246b9b83f637f4681389ecabcb2681b4f3af0",
        "type": "github"
      },
      "original": {
        "owner": "numtide",
        "ref": "c0e246b9",
        "repo": "flake-utils",
        "type": "github"
      }
    },
    "flake-utils_5": {
      "locked": {
        "lastModified": 1659877975,
        "narHash": "sha256-zllb8aq3YO3h8B/U0/J1WBgAL8EX5yWf5pMj3G0NAmc=",
        "owner": "numtide",
        "repo": "flake-utils",
        "rev": "c0e246b9b83f637f4681389ecabcb2681b4f3af0",
        "type": "github"
      },
      "original": {
        "owner": "numtide",
        "ref": "c0e246b9",
        "repo": "flake-utils",
        "type": "github"
      }
    },
    "flake-utils_6": {
      "locked": {
        "lastModified": 1659877975,
        "narHash": "sha256-zllb8aq3YO3h8B/U0/J1WBgAL8EX5yWf5pMj3G0NAmc=",
        "owner": "numtide",
        "repo": "flake-utils",
        "rev": "c0e246b9b83f637f4681389ecabcb2681b4f3af0",
        "type": "github"
      },
      "original": {
        "owner": "numtide",
        "ref": "c0e246b9",
        "repo": "flake-utils",
        "type": "github"
      }
    },
    "gui-pkgs": {
      "inputs": {
        "flake-utils": "flake-utils_2",
        "myPkgs": "myPkgs",
        "nixpkgs": "nixpkgs"
      },
      "locked": {
        "lastModified": 1708078089,
        "narHash": "sha256-y/bYH9lE55LQKuxmvzGHuHx52PZUMB7gzTKS8hcKe28=",
        "path": "/home/martyn/nix/gui",
        "type": "path"
      },
      "original": {
        "path": "/home/martyn/nix/gui",
        "type": "path"
      }
    },
    "myPkgs": {
      "inputs": {
        "bashHeader": "bashHeader",
        "flake-utils": "flake-utils_4",
        "nixpkgs": [
          "gui-pkgs",
          "nixpkgs"
        ]
      },
      "locked": {
        "lastModified": 1707428452,
        "narHash": "sha256-j+/ybGYzrxkNcXVjMc2eWD/KCI4miko4+vYdzvOF9Kg=",
        "owner": "sixears",
        "repo": "nix-pkgs",
        "rev": "8cf3b1e3c69de23716a60f78ffbaefafb9debbf9",
        "type": "github"
      },
      "original": {
        "owner": "sixears",
        "ref": "r0.0.9.1",
        "repo": "nix-pkgs",
        "type": "github"
      }
    },
    "myPkgs_2": {
      "inputs": {
        "bashHeader": "bashHeader_2",
        "flake-utils": "flake-utils_6",
        "nixpkgs": [
          "nixpkgs"
        ]
      },
      "locked": {
        "lastModified": 1708072316,
        "narHash": "sha256-oXfd20XsaX9dsSfF2fIiH2dfCXtWlY2cZLe6t2DZi2c=",
        "owner": "sixears",
        "repo": "nix-pkgs",
        "rev": "87efc58fdc4e6c327eda18d7d548fd1fc89faece",
        "type": "github"
      },
      "original": {
        "owner": "sixears",
        "ref": "r0.0.9.2",
        "repo": "nix-pkgs",
        "type": "github"
      }
    },
    "nixpkgs": {
      "locked": {
        "lastModified": 1702454860,
        "narHash": "sha256-ccmMWrhUPA0YHm+lLQqGEkNruE+5qDC5422gAkATG5U=",
        "owner": "NixOS",
        "repo": "nixpkgs",
        "rev": "354184a83e7360c7c5a6fd76d9f6d28508ac3461",
        "type": "github"
      },
      "original": {
        "owner": "NixOS",
        "ref": "354184a",
        "repo": "nixpkgs",
        "type": "github"
      }
    },
    "nixpkgs_2": {
      "locked": {
        "lastModified": 1702454860,
        "narHash": "sha256-ccmMWrhUPA0YHm+lLQqGEkNruE+5qDC5422gAkATG5U=",
        "owner": "NixOS",
        "repo": "nixpkgs",
        "rev": "354184a83e7360c7c5a6fd76d9f6d28508ac3461",
        "type": "github"
      },
      "original": {
        "owner": "NixOS",
        "ref": "354184a83",
        "repo": "nixpkgs",
        "type": "github"
      }
    },
    "root": {
      "inputs": {
        "flake-utils": "flake-utils",
        "gui-pkgs": "gui-pkgs",
        "myPkgs": "myPkgs_2",
        "nixpkgs": "nixpkgs_2"
      }
    }
  },
  "root": "root",
  "version": 7
}
